<?xml version="1.0" encoding="utf-8"?>
<Project ToolsVersion="4.0" xmlns="http://schemas.microsoft.com/developer/msbuild/2003">
  <ItemGroup>
    <Filter Include="AST">
      <UniqueIdentifier>{9edb3836-5ae1-4126-a49f-e294fb0e2150}</UniqueIdentifier>
    </Filter>
    <Filter Include="Containers">
      <UniqueIdentifier>{61c6ee0a-1e60-438b-b6da-2fae10e4c424}</UniqueIdentifier>
    </Filter>
    <Filter Include="PT">
      <UniqueIdentifier>{aa23de0b-cd98-49d1-9b58-9623a912882e}</UniqueIdentifier>
    </Filter>
    <Filter Include="PTToAST">
      <UniqueIdentifier>{a5b49a96-87dd-4adf-a4b7-9c11c52b12a5}</UniqueIdentifier>
    </Filter>
  </ItemGroup>
  <ItemGroup>
    <ClCompile Include="..\..\cpp\AST\Definition.cpp">
      <Filter>AST</Filter>
    </ClCompile>
    <ClCompile Include="..\..\cpp\AST\Expression.cpp">
      <Filter>AST</Filter>
    </ClCompile>
    <ClCompile Include="..\..\cpp\AST\Grammar.cpp">
      <Filter>AST</Filter>
    </ClCompile>
    <ClCompile Include="..\..\cpp\Common.cpp" />
    <ClCompile Include="..\..\cpp\ipg.cpp" />
    <ClCompile Include="..\..\cpp\Parser.cpp" />
    <ClCompile Include="..\..\cpp\PTToAST\ConvertExpression.cpp">
      <Filter>PTToAST</Filter>
    </ClCompile>
    <ClCompile Include="..\..\cpp\PTToAST\ConvertGrammar.cpp">
      <Filter>PTToAST</Filter>
    </ClCompile>
    <ClCompile Include="..\..\cpp\PTToAST\ConvertIdentifier.cpp">
      <Filter>PTToAST</Filter>
    </ClCompile>
    <ClCompile Include="..\..\cpp\PT\Symbol.cpp">
      <Filter>PT</Filter>
    </ClCompile>
    <ClCompile Include="..\..\cpp\PT\Visitor.cpp">
      <Filter>PT</Filter>
    </ClCompile>
  </ItemGroup>
  <ItemGroup>
    <ClInclude Include="..\..\cpp\AST\Definition.h">
      <Filter>AST</Filter>
    </ClInclude>
    <ClInclude Include="..\..\cpp\AST\Expression.h">
      <Filter>AST</Filter>
    </ClInclude>
    <ClInclude Include="..\..\cpp\AST\Grammar.h">
      <Filter>AST</Filter>
    </ClInclude>
    <ClInclude Include="..\..\cpp\Common.h" />
    <ClInclude Include="..\..\cpp\Containers\SparseArray.h">
      <Filter>Containers</Filter>
    </ClInclude>
    <ClInclude Include="..\..\cpp\Parser.h" />
    <ClInclude Include="..\..\cpp\PTToAST\ConvertExpression.h">
      <Filter>PTToAST</Filter>
    </ClInclude>
    <ClInclude Include="..\..\cpp\PTToAST\ConvertGrammar.h">
      <Filter>PTToAST</Filter>
    </ClInclude>
    <ClInclude Include="..\..\cpp\PTToAST\ConvertIdentifier.h">
      <Filter>PTToAST</Filter>
    </ClInclude>
    <ClInclude Include="..\..\cpp\PT\Symbol.h">
      <Filter>PT</Filter>
    </ClInclude>
    <ClInclude Include="..\..\cpp\PT\SymbolType.h">
      <Filter>PT</Filter>
    </ClInclude>
    <ClInclude Include="..\..\cpp\PT\Visitor.h">
      <Filter>PT</Filter>
    </ClInclude>
  </ItemGroup>
</Project>